
Microsoft Visual Studio Solution File, Format Version 12.00
# Visual Studio Version 17
VisualStudioVersion = 17.13.35931.197
MinimumVisualStudioVersion = 10.0.40219.1
Project("{2150E333-8FDC-42A3-9474-1A3956D46DE8}") = "Core", "Core", "{02EA681E-C7D8-13C7-8484-4AC65E1B71E8}"
EndProject
Project("{2150E333-8FDC-42A3-9474-1A3956D46DE8}") = "Frontends", "Frontends", "{CE0603B0-95ED-484E-9989-5C911098F062}"
EndProject
Project("{2150E333-8FDC-42A3-9474-1A3956D46DE8}") = "Infrastructure", "Infrastructure", "{A0FA979F-2846-43A7-9016-EB9DBACDDF1E}"
EndProject
Project("{2150E333-8FDC-42A3-9474-1A3956D46DE8}") = "Presentation", "Presentation", "{E126197D-77C2-4ACF-B0D5-7C78A48DD7DC}"
EndProject
Project("{2150E333-8FDC-42A3-9474-1A3956D46DE8}") = "Requirements", "Requirements", "{71E4A4E9-CBD2-4EFF-83EB-E1F50882DCC6}"
EndProject
Project("{FAE04EC0-301F-11D3-BF4B-00C04F79EFBC}") = "MovieApi.Domain", "Core\MovieApi.Domain\MovieApi.Domain.csproj", "{64CBFFFB-7DBB-4F17-9193-01EA684DE81B}"
EndProject
Project("{FAE04EC0-301F-11D3-BF4B-00C04F79EFBC}") = "MovieApi.Persistence", "Infrastructure\MovieApi.Persistence\MovieApi.Persistence.csproj", "{96559915-28CD-494F-943B-52F99820EF71}"
EndProject
Project("{FAE04EC0-301F-11D3-BF4B-00C04F79EFBC}") = "MovieApi.WebApi", "Presentation\MovieApi.WebApi\MovieApi.WebApi.csproj", "{AE2376A7-893D-48DC-9643-019C1E74878B}"
EndProject
Project("{FAE04EC0-301F-11D3-BF4B-00C04F79EFBC}") = "MovieApi.Application", "Core\MovieApi.Application\MovieApi.Application.csproj", "{D8206B66-3302-4317-B187-216DBABC3D54}"
EndProject
Project("{FAE04EC0-301F-11D3-BF4B-00C04F79EFBC}") = "MovieApi.WebUI", "Frontends\MovieApi.WebUI\MovieApi.WebUI.csproj", "{8692BBC2-446D-4773-9EFE-7DC682E02571}"
EndProject
Project("{FAE04EC0-301F-11D3-BF4B-00C04F79EFBC}") = "MovieApi.Dto", "Frontends\MovieApi.Dto\MovieApi.Dto.csproj", "{360D5EF9-6420-4455-9BDC-AEAF5092BB98}"
EndProject
Global
	GlobalSection(SolutionConfigurationPlatforms) = preSolution
		Debug|Any CPU = Debug|Any CPU
		Release|Any CPU = Release|Any CPU
	EndGlobalSection
	GlobalSection(ProjectConfigurationPlatforms) = postSolution
		{64CBFFFB-7DBB-4F17-9193-01EA684DE81B}.Debug|Any CPU.ActiveCfg = Debug|Any CPU
		{64CBFFFB-7DBB-4F17-9193-01EA684DE81B}.Debug|Any CPU.Build.0 = Debug|Any CPU
		{64CBFFFB-7DBB-4F17-9193-01EA684DE81B}.Release|Any CPU.ActiveCfg = Release|Any CPU
		{64CBFFFB-7DBB-4F17-9193-01EA684DE81B}.Release|Any CPU.Build.0 = Release|Any CPU
		{96559915-28CD-494F-943B-52F99820EF71}.Debug|Any CPU.ActiveCfg = Debug|Any CPU
		{96559915-28CD-494F-943B-52F99820EF71}.Debug|Any CPU.Build.0 = Debug|Any CPU
		{96559915-28CD-494F-943B-52F99820EF71}.Release|Any CPU.ActiveCfg = Release|Any CPU
		{96559915-28CD-494F-943B-52F99820EF71}.Release|Any CPU.Build.0 = Release|Any CPU
		{AE2376A7-893D-48DC-9643-019C1E74878B}.Debug|Any CPU.ActiveCfg = Debug|Any CPU
		{AE2376A7-893D-48DC-9643-019C1E74878B}.Debug|Any CPU.Build.0 = Debug|Any CPU
		{AE2376A7-893D-48DC-9643-019C1E74878B}.Release|Any CPU.ActiveCfg = Release|Any CPU
		{AE2376A7-893D-48DC-9643-019C1E74878B}.Release|Any CPU.Build.0 = Release|Any CPU
		{D8206B66-3302-4317-B187-216DBABC3D54}.Debug|Any CPU.ActiveCfg = Debug|Any CPU
		{D8206B66-3302-4317-B187-216DBABC3D54}.Debug|Any CPU.Build.0 = Debug|Any CPU
		{D8206B66-3302-4317-B187-216DBABC3D54}.Release|Any CPU.ActiveCfg = Release|Any CPU
		{D8206B66-3302-4317-B187-216DBABC3D54}.Release|Any CPU.Build.0 = Release|Any CPU
		{8692BBC2-446D-4773-9EFE-7DC682E02571}.Debug|Any CPU.ActiveCfg = Debug|Any CPU
		{8692BBC2-446D-4773-9EFE-7DC682E02571}.Debug|Any CPU.Build.0 = Debug|Any CPU
		{8692BBC2-446D-4773-9EFE-7DC682E02571}.Release|Any CPU.ActiveCfg = Release|Any CPU
		{8692BBC2-446D-4773-9EFE-7DC682E02571}.Release|Any CPU.Build.0 = Release|Any CPU
		{360D5EF9-6420-4455-9BDC-AEAF5092BB98}.Debug|Any CPU.ActiveCfg = Debug|Any CPU
		{360D5EF9-6420-4455-9BDC-AEAF5092BB98}.Debug|Any CPU.Build.0 = Debug|Any CPU
		{360D5EF9-6420-4455-9BDC-AEAF5092BB98}.Release|Any CPU.ActiveCfg = Release|Any CPU
		{360D5EF9-6420-4455-9BDC-AEAF5092BB98}.Release|Any CPU.Build.0 = Release|Any CPU
	EndGlobalSection
	GlobalSection(SolutionProperties) = preSolution
		HideSolutionNode = FALSE
	EndGlobalSection
	GlobalSection(NestedProjects) = preSolution
		{64CBFFFB-7DBB-4F17-9193-01EA684DE81B} = {02EA681E-C7D8-13C7-8484-4AC65E1B71E8}
		{96559915-28CD-494F-943B-52F99820EF71} = {A0FA979F-2846-43A7-9016-EB9DBACDDF1E}
		{AE2376A7-893D-48DC-9643-019C1E74878B} = {E126197D-77C2-4ACF-B0D5-7C78A48DD7DC}
		{D8206B66-3302-4317-B187-216DBABC3D54} = {02EA681E-C7D8-13C7-8484-4AC65E1B71E8}
		{8692BBC2-446D-4773-9EFE-7DC682E02571} = {CE0603B0-95ED-484E-9989-5C911098F062}
		{360D5EF9-6420-4455-9BDC-AEAF5092BB98} = {CE0603B0-95ED-484E-9989-5C911098F062}
	EndGlobalSection
	GlobalSection(ExtensibilityGlobals) = postSolution
		SolutionGuid = {4987E3D2-DAE6-4810-BBD4-7A209DE06DAE}
	EndGlobalSection
EndGlobal
